{
  "originHash" : "1ece7dae4152cb6d7468b9266d03a4bd71a3e89fbfdb61fc624ac6debf62c941",
  "pins" : [
    {
      "identity" : "mapbox-common-ios",
      "kind" : "remoteSourceControl",
      "location" : "https://github.com/mapbox/mapbox-common-ios.git",
      "state" : {
        "revision" : "9c0f347b151073bc229754d2e95ebd0809c94353",
        "version" : "24.22.0-SNAPSHOT-04-01--11-26.git-ba43138"
      }
    },
    {
      "identity" : "mapbox-core-maps-ios",
      "kind" : "remoteSourceControl",
      "location" : "https://github.com/mapbox/mapbox-core-maps-ios.git",
      "state" : {
        "revision" : "cdc9828642185b5cc16f3a5de561c3e53742d5fa",
        "version" : "11.22.0-SNAPSHOT-04-01--11-26.git-ba43138"
      }
    },
    {
      "identity" : "mapbox-maps-ios",
      "kind" : "remoteSourceControl",
      "location" : "https://github.com/mapbox/mapbox-maps-ios",
      "state" : {
        "branch" : "main",
        "revision" : "45a1b49f259cb6133b5551b88fdb4fc4bc3192d6"
      }
    },
    {
      "identity" : "turf-swift",
      "kind" : "remoteSourceControl",
      "location" : "https://github.com/mapbox/turf-swift.git",
      "state" : {
        "revision" : "bf840e6b9529d105687840fe2c9dcd74197d46d1",
        "version" : "4.0.0"
      }
    }
  ],
  "version" : 3
}
